
Microsoft Visual Studio Solution File, Format Version 12.00
# Visual Studio Version 16
VisualStudioVersion = 16.0.29102.190
MinimumVisualStudioVersion = 10.0.40219.1
Project("{FAE04EC0-301F-11D3-BF4B-00C04F79EFBC}") = "FlexibleMenu", "FlexibleMenu.csproj", "{B0995E49-77B4-41AB-A581-CC17547523AF}"
EndProject
Project("{FAE04EC0-301F-11D3-BF4B-00C04F79EFBC}") = "testDll", "..\testDll\testDll.csproj", "{01013129-63DF-4813-A3C2-B2F5A5FCF9B3}"
EndProject
Global
	GlobalSection(SolutionConfigurationPlatforms) = preSolution
		Debug|Any CPU = Debug|Any CPU
		Release|Any CPU = Release|Any CPU
	EndGlobalSection
	GlobalSection(ProjectConfigurationPlatforms) = postSolution
		{B0995E49-77B4-41AB-A581-CC17547523AF}.Debug|Any CPU.ActiveCfg = Debug|Any CPU
		{B0995E49-77B4-41AB-A581-CC17547523AF}.Debug|Any CPU.Build.0 = Debug|Any CPU
		{B0995E49-77B4-41AB-A581-CC17547523AF}.Release|Any CPU.ActiveCfg = Release|Any CPU
		{B0995E49-77B4-41AB-A581-CC17547523AF}.Release|Any CPU.Build.0 = Release|Any CPU
		{01013129-63DF-4813-A3C2-B2F5A5FCF9B3}.Debug|Any CPU.ActiveCfg = Debug|Any CPU
		{01013129-63DF-4813-A3C2-B2F5A5FCF9B3}.Debug|Any CPU.Build.0 = Debug|Any CPU
		{01013129-63DF-4813-A3C2-B2F5A5FCF9B3}.Release|Any CPU.ActiveCfg = Release|Any CPU
		{01013129-63DF-4813-A3C2-B2F5A5FCF9B3}.Release|Any CPU.Build.0 = Release|Any CPU
	EndGlobalSection
	GlobalSection(SolutionProperties) = preSolution
		HideSolutionNode = FALSE
	EndGlobalSection
	GlobalSection(ExtensibilityGlobals) = postSolution
		SolutionGuid = {20BD0762-EC87-4C5B-854F-8424BF8CAAB8}
	EndGlobalSection
EndGlobal
