
Microsoft Visual Studio Solution File, Format Version 12.00
# Visual Studio 15
VisualStudioVersion = 15.0.28307.902
MinimumVisualStudioVersion = 10.0.40219.1
Project("{FAE04EC0-301F-11D3-BF4B-00C04F79EFBC}") = "FlexibleMenu", "FlexibleMenu.csproj", "{B0995E49-77B4-41AB-A581-CC17547523AF}"
EndProject
Project("{FAE04EC0-301F-11D3-BF4B-00C04F79EFBC}") = "TestMenu", "TestMenu\TestMenu.csproj", "{3C53767C-ADEB-41CA-98D3-8ACC686C5458}"
EndProject
Global
	GlobalSection(SolutionConfigurationPlatforms) = preSolution
		Debug|Any CPU = Debug|Any CPU
		Release|Any CPU = Release|Any CPU
	EndGlobalSection
	GlobalSection(ProjectConfigurationPlatforms) = postSolution
		{B0995E49-77B4-41AB-A581-CC17547523AF}.Debug|Any CPU.ActiveCfg = Debug|Any CPU
		{B0995E49-77B4-41AB-A581-CC17547523AF}.Debug|Any CPU.Build.0 = Debug|Any CPU
		{B0995E49-77B4-41AB-A581-CC17547523AF}.Release|Any CPU.ActiveCfg = Release|Any CPU
		{B0995E49-77B4-41AB-A581-CC17547523AF}.Release|Any CPU.Build.0 = Release|Any CPU
		{3C53767C-ADEB-41CA-98D3-8ACC686C5458}.Debug|Any CPU.ActiveCfg = Debug|Any CPU
		{3C53767C-ADEB-41CA-98D3-8ACC686C5458}.Debug|Any CPU.Build.0 = Debug|Any CPU
		{3C53767C-ADEB-41CA-98D3-8ACC686C5458}.Release|Any CPU.ActiveCfg = Release|Any CPU
		{3C53767C-ADEB-41CA-98D3-8ACC686C5458}.Release|Any CPU.Build.0 = Release|Any CPU
	EndGlobalSection
	GlobalSection(SolutionProperties) = preSolution
		HideSolutionNode = FALSE
	EndGlobalSection
	GlobalSection(ExtensibilityGlobals) = postSolution
		SolutionGuid = {20BD0762-EC87-4C5B-854F-8424BF8CAAB8}
	EndGlobalSection
EndGlobal
